
Microsoft Visual Studio Solution File, Format Version 12.00
Project("{2150E333-8FDC-42A3-9474-1A3956D46DE8}") = "src", "src", "{AA70F358-D137-4077-B427-194CC90A202D}"
EndProject
Project("{2150E333-8FDC-42A3-9474-1A3956D46DE8}") = "UserSpaceService", "UserSpaceService", "{ACFBF53C-5C8C-492A-8C49-4918586A25B2}"
EndProject
Project("{FAE04EC0-301F-11D3-BF4B-00C04F79EFBC}") = "UserSpaceService.DAL", "src\UserSpaceService\UserSpaceService.DAL\UserSpaceService.DAL.csproj", "{0F2092E9-64FF-4538-A288-9D38CD507B85}"
EndProject
Project("{FAE04EC0-301F-11D3-BF4B-00C04F79EFBC}") = "UserSpaceService.ABS", "src\UserSpaceService\UserSpaceService.ABS\UserSpaceService.ABS.csproj", "{76BAE89D-A8C3-4DEC-8886-37F917A628BC}"
EndProject
Project("{FAE04EC0-301F-11D3-BF4B-00C04F79EFBC}") = "UserSpaceService.BLL", "src\UserSpaceService\UserSpaceService.BLL\UserSpaceService.BLL.csproj", "{11DE9B26-3877-4A57-AD4F-585DA5EF14F4}"
EndProject
Project("{FAE04EC0-301F-11D3-BF4B-00C04F79EFBC}") = "UserSpaceService.API", "src\UserSpaceService\UserSpaceService.API\UserSpaceService.API.csproj", "{5D30A779-4C40-4E1C-BC3E-0AADFB263E8E}"
EndProject
Project("{2150E333-8FDC-42A3-9474-1A3956D46DE8}") = "Solution Items", "Solution Items", "{6DD674D5-FF00-4BB9-95AD-E2BC356056CE}"
	ProjectSection(SolutionItems) = preProject
		compose.yaml = compose.yaml
	EndProjectSection
EndProject
Project("{2150E333-8FDC-42A3-9474-1A3956D46DE8}") = "Gateway", "Gateway", "{D1E942A4-B59B-4667-B41B-99016DBAD7C4}"
EndProject
Project("{2150E333-8FDC-42A3-9474-1A3956D46DE8}") = "ChatNotifyService", "ChatNotifyService", "{9ACF4BB7-D242-4FEA-A534-6F7FAC8D8ED0}"
EndProject
Project("{FAE04EC0-301F-11D3-BF4B-00C04F79EFBC}") = "ChatNotifyService.DAL", "src\ChatNotifyService\ChatNotifyService.DAL\ChatNotifyService.DAL.csproj", "{0DA4F474-B1CD-4632-B1BD-512DE824F88E}"
EndProject
Project("{FAE04EC0-301F-11D3-BF4B-00C04F79EFBC}") = "ChatNotifyService.ABS", "src\ChatNotifyService\ChatNotifyService.ABS\ChatNotifyService.ABS.csproj", "{73ED591D-7DF3-47D5-BFA5-5CEB490B08FE}"
EndProject
Project("{FAE04EC0-301F-11D3-BF4B-00C04F79EFBC}") = "ChatNotifyService.BLL", "src\ChatNotifyService\ChatNotifyService.BLL\ChatNotifyService.BLL.csproj", "{3AFA38EB-2910-4F35-994E-0312384332B0}"
EndProject
Project("{FAE04EC0-301F-11D3-BF4B-00C04F79EFBC}") = "ChatNotifyService.API", "src\ChatNotifyService\ChatNotifyService.API\ChatNotifyService.API.csproj", "{8737CD12-8B22-4B34-9583-665231C7BD77}"
EndProject
Project("{FAE04EC0-301F-11D3-BF4B-00C04F79EFBC}") = "Gateway.API", "src\Gateway\Gateway.API\Gateway.API.csproj", "{D9706119-0E8D-482F-B3E5-1F2F961ABDA5}"
EndProject
Project("{2150E333-8FDC-42A3-9474-1A3956D46DE8}") = "EventScheduleService", "EventScheduleService", "{43040908-51F7-4E7D-B229-011573A4F55B}"
EndProject
Project("{FAE04EC0-301F-11D3-BF4B-00C04F79EFBC}") = "EventScheduleService.DAL", "src\EventScheduleService\EventScheduleService.DAL\EventScheduleService.DAL.csproj", "{2DA137FE-73E5-4ED4-88A6-B460FF1940C6}"
EndProject
Project("{FAE04EC0-301F-11D3-BF4B-00C04F79EFBC}") = "EventScheduleService.ABS", "src\EventScheduleService\EventScheduleService.ABS\EventScheduleService.ABS.csproj", "{7EE30EE4-8FCD-4665-8721-B6D1146EAF98}"
EndProject
Global
	GlobalSection(SolutionConfigurationPlatforms) = preSolution
		Debug|Any CPU = Debug|Any CPU
		Release|Any CPU = Release|Any CPU
	EndGlobalSection
	GlobalSection(NestedProjects) = preSolution
		{ACFBF53C-5C8C-492A-8C49-4918586A25B2} = {AA70F358-D137-4077-B427-194CC90A202D}
		{0F2092E9-64FF-4538-A288-9D38CD507B85} = {ACFBF53C-5C8C-492A-8C49-4918586A25B2}
		{76BAE89D-A8C3-4DEC-8886-37F917A628BC} = {ACFBF53C-5C8C-492A-8C49-4918586A25B2}
		{11DE9B26-3877-4A57-AD4F-585DA5EF14F4} = {ACFBF53C-5C8C-492A-8C49-4918586A25B2}
		{5D30A779-4C40-4E1C-BC3E-0AADFB263E8E} = {ACFBF53C-5C8C-492A-8C49-4918586A25B2}
		{D1E942A4-B59B-4667-B41B-99016DBAD7C4} = {AA70F358-D137-4077-B427-194CC90A202D}
		{9ACF4BB7-D242-4FEA-A534-6F7FAC8D8ED0} = {AA70F358-D137-4077-B427-194CC90A202D}
		{0DA4F474-B1CD-4632-B1BD-512DE824F88E} = {9ACF4BB7-D242-4FEA-A534-6F7FAC8D8ED0}
		{73ED591D-7DF3-47D5-BFA5-5CEB490B08FE} = {9ACF4BB7-D242-4FEA-A534-6F7FAC8D8ED0}
		{3AFA38EB-2910-4F35-994E-0312384332B0} = {9ACF4BB7-D242-4FEA-A534-6F7FAC8D8ED0}
		{8737CD12-8B22-4B34-9583-665231C7BD77} = {9ACF4BB7-D242-4FEA-A534-6F7FAC8D8ED0}
		{D9706119-0E8D-482F-B3E5-1F2F961ABDA5} = {D1E942A4-B59B-4667-B41B-99016DBAD7C4}
		{43040908-51F7-4E7D-B229-011573A4F55B} = {AA70F358-D137-4077-B427-194CC90A202D}
		{2DA137FE-73E5-4ED4-88A6-B460FF1940C6} = {43040908-51F7-4E7D-B229-011573A4F55B}
		{7EE30EE4-8FCD-4665-8721-B6D1146EAF98} = {43040908-51F7-4E7D-B229-011573A4F55B}
	EndGlobalSection
	GlobalSection(ProjectConfigurationPlatforms) = postSolution
		{0F2092E9-64FF-4538-A288-9D38CD507B85}.Debug|Any CPU.ActiveCfg = Debug|Any CPU
		{0F2092E9-64FF-4538-A288-9D38CD507B85}.Debug|Any CPU.Build.0 = Debug|Any CPU
		{0F2092E9-64FF-4538-A288-9D38CD507B85}.Release|Any CPU.ActiveCfg = Release|Any CPU
		{0F2092E9-64FF-4538-A288-9D38CD507B85}.Release|Any CPU.Build.0 = Release|Any CPU
		{76BAE89D-A8C3-4DEC-8886-37F917A628BC}.Debug|Any CPU.ActiveCfg = Debug|Any CPU
		{76BAE89D-A8C3-4DEC-8886-37F917A628BC}.Debug|Any CPU.Build.0 = Debug|Any CPU
		{76BAE89D-A8C3-4DEC-8886-37F917A628BC}.Release|Any CPU.ActiveCfg = Release|Any CPU
		{76BAE89D-A8C3-4DEC-8886-37F917A628BC}.Release|Any CPU.Build.0 = Release|Any CPU
		{11DE9B26-3877-4A57-AD4F-585DA5EF14F4}.Debug|Any CPU.ActiveCfg = Debug|Any CPU
		{11DE9B26-3877-4A57-AD4F-585DA5EF14F4}.Debug|Any CPU.Build.0 = Debug|Any CPU
		{11DE9B26-3877-4A57-AD4F-585DA5EF14F4}.Release|Any CPU.ActiveCfg = Release|Any CPU
		{11DE9B26-3877-4A57-AD4F-585DA5EF14F4}.Release|Any CPU.Build.0 = Release|Any CPU
		{5D30A779-4C40-4E1C-BC3E-0AADFB263E8E}.Debug|Any CPU.ActiveCfg = Debug|Any CPU
		{5D30A779-4C40-4E1C-BC3E-0AADFB263E8E}.Debug|Any CPU.Build.0 = Debug|Any CPU
		{5D30A779-4C40-4E1C-BC3E-0AADFB263E8E}.Release|Any CPU.ActiveCfg = Release|Any CPU
		{5D30A779-4C40-4E1C-BC3E-0AADFB263E8E}.Release|Any CPU.Build.0 = Release|Any CPU
		{0DA4F474-B1CD-4632-B1BD-512DE824F88E}.Debug|Any CPU.ActiveCfg = Debug|Any CPU
		{0DA4F474-B1CD-4632-B1BD-512DE824F88E}.Debug|Any CPU.Build.0 = Debug|Any CPU
		{0DA4F474-B1CD-4632-B1BD-512DE824F88E}.Release|Any CPU.ActiveCfg = Release|Any CPU
		{0DA4F474-B1CD-4632-B1BD-512DE824F88E}.Release|Any CPU.Build.0 = Release|Any CPU
		{73ED591D-7DF3-47D5-BFA5-5CEB490B08FE}.Debug|Any CPU.ActiveCfg = Debug|Any CPU
		{73ED591D-7DF3-47D5-BFA5-5CEB490B08FE}.Debug|Any CPU.Build.0 = Debug|Any CPU
		{73ED591D-7DF3-47D5-BFA5-5CEB490B08FE}.Release|Any CPU.ActiveCfg = Release|Any CPU
		{73ED591D-7DF3-47D5-BFA5-5CEB490B08FE}.Release|Any CPU.Build.0 = Release|Any CPU
		{3AFA38EB-2910-4F35-994E-0312384332B0}.Debug|Any CPU.ActiveCfg = Debug|Any CPU
		{3AFA38EB-2910-4F35-994E-0312384332B0}.Debug|Any CPU.Build.0 = Debug|Any CPU
		{3AFA38EB-2910-4F35-994E-0312384332B0}.Release|Any CPU.ActiveCfg = Release|Any CPU
		{3AFA38EB-2910-4F35-994E-0312384332B0}.Release|Any CPU.Build.0 = Release|Any CPU
		{8737CD12-8B22-4B34-9583-665231C7BD77}.Debug|Any CPU.ActiveCfg = Debug|Any CPU
		{8737CD12-8B22-4B34-9583-665231C7BD77}.Debug|Any CPU.Build.0 = Debug|Any CPU
		{8737CD12-8B22-4B34-9583-665231C7BD77}.Release|Any CPU.ActiveCfg = Release|Any CPU
		{8737CD12-8B22-4B34-9583-665231C7BD77}.Release|Any CPU.Build.0 = Release|Any CPU
		{D9706119-0E8D-482F-B3E5-1F2F961ABDA5}.Debug|Any CPU.ActiveCfg = Debug|Any CPU
		{D9706119-0E8D-482F-B3E5-1F2F961ABDA5}.Debug|Any CPU.Build.0 = Debug|Any CPU
		{D9706119-0E8D-482F-B3E5-1F2F961ABDA5}.Release|Any CPU.ActiveCfg = Release|Any CPU
		{D9706119-0E8D-482F-B3E5-1F2F961ABDA5}.Release|Any CPU.Build.0 = Release|Any CPU
		{2DA137FE-73E5-4ED4-88A6-B460FF1940C6}.Debug|Any CPU.ActiveCfg = Debug|Any CPU
		{2DA137FE-73E5-4ED4-88A6-B460FF1940C6}.Debug|Any CPU.Build.0 = Debug|Any CPU
		{2DA137FE-73E5-4ED4-88A6-B460FF1940C6}.Release|Any CPU.ActiveCfg = Release|Any CPU
		{2DA137FE-73E5-4ED4-88A6-B460FF1940C6}.Release|Any CPU.Build.0 = Release|Any CPU
		{7EE30EE4-8FCD-4665-8721-B6D1146EAF98}.Debug|Any CPU.ActiveCfg = Debug|Any CPU
		{7EE30EE4-8FCD-4665-8721-B6D1146EAF98}.Debug|Any CPU.Build.0 = Debug|Any CPU
		{7EE30EE4-8FCD-4665-8721-B6D1146EAF98}.Release|Any CPU.ActiveCfg = Release|Any CPU
		{7EE30EE4-8FCD-4665-8721-B6D1146EAF98}.Release|Any CPU.Build.0 = Release|Any CPU
	EndGlobalSection
EndGlobal
